
Microsoft Visual Studio Solution File, Format Version 12.00
Project("{FAE04EC0-301F-11D3-BF4B-00C04F79EFBC}") = "MathGame", "MathGame.csproj", "{9C6898F7-AC7B-40AE-842F-682C3CAE7926}"
EndProject
Global
	GlobalSection(SolutionConfigurationPlatforms) = preSolution
		Debug|Any CPU = Debug|Any CPU
		Release|Any CPU = Release|Any CPU
	EndGlobalSection
	GlobalSection(ProjectConfigurationPlatforms) = postSolution
		{9C6898F7-AC7B-40AE-842F-682C3CAE7926}.Debug|Any CPU.ActiveCfg = Debug|Any CPU
		{9C6898F7-AC7B-40AE-842F-682C3CAE7926}.Debug|Any CPU.Build.0 = Debug|Any CPU
		{9C6898F7-AC7B-40AE-842F-682C3CAE7926}.Release|Any CPU.ActiveCfg = Release|Any CPU
		{9C6898F7-AC7B-40AE-842F-682C3CAE7926}.Release|Any CPU.Build.0 = Release|Any CPU
	EndGlobalSection
EndGlobal
